{
  "name": "doc2md",
  "version": "1.0.0",
  "lockfileVersion": 1,
  "requires": true,
  "dependencies": {
    "@types/google-apps-script": {
      "version": "0.0.31",
      "resolved": "https://registry.npmjs.org/@types/google-apps-script/-/google-apps-script-0.0.31.tgz",
      "integrity": "sha512-9XEJYkWMVxNOMK1cQMYJ3MA+6nry+lQ/Jg8kizLr/qMkozfMQmRBNPpIB4F3aBcwFeH9W3iU6nHeZ084URUCPw=="
    },
    "typescript": {
      "version": "3.1.6",
      "resolved": "https://registry.npmjs.org/typescript/-/typescript-3.1.6.tgz",
      "integrity": "sha512-tDMYfVtvpb96msS1lDX9MEdHrW4yOuZ4Kdc4Him9oU796XldPYF/t2+uKoX0BBa0hXXwDlqYQbXY5Rzjzc5hBA=="
    }
  }
}
