{
  "name": "doc2md",
  "version": "1.0.0",
  "lockfileVersion": 1,
  "requires": true,
  "dependencies": {
    "@types/google-apps-script": {
      "version": "0.0.31",
      "resolved": "https://registry.npmjs.org/@types/google-apps-script/-/google-apps-script-0.0.31.tgz",
      "integrity": "sha512-9XEJYkWMVxNOMK1cQMYJ3MA+6nry+lQ/Jg8kizLr/qMkozfMQmRBNPpIB4F3aBcwFeH9W3iU6nHeZ084URUCPw=="
    },
    "typescript": {
      "version": "3.2.1",
      "resolved": "https://registry.npmjs.org/typescript/-/typescript-3.2.1.tgz",
      "integrity": "sha512-jw7P2z/h6aPT4AENXDGjcfHTu5CSqzsbZc6YlUIebTyBAq8XaKp78x7VcSh30xwSCcsu5irZkYZUSFP1MrAMbg=="
    }
  }
}
